
Microsoft Visual Studio Solution File, Format Version 12.00
# Visual Studio Version 16
VisualStudioVersion = 16.0.30804.86
MinimumVisualStudioVersion = 10.0.40219.1
Project("{8BC9CEB8-8B4A-11D0-8D11-00A0C91BC942}") = "baekjoon1260", "baekjoon1260.vcxproj", "{EE196D56-A3F6-4D38-B0E1-B3C2A6D95437}"
EndProject
Global
	GlobalSection(SolutionConfigurationPlatforms) = preSolution
		Debug|x64 = Debug|x64
		Debug|x86 = Debug|x86
		Release|x64 = Release|x64
		Release|x86 = Release|x86
	EndGlobalSection
	GlobalSection(ProjectConfigurationPlatforms) = postSolution
		{EE196D56-A3F6-4D38-B0E1-B3C2A6D95437}.Debug|x64.ActiveCfg = Debug|x64
		{EE196D56-A3F6-4D38-B0E1-B3C2A6D95437}.Debug|x64.Build.0 = Debug|x64
		{EE196D56-A3F6-4D38-B0E1-B3C2A6D95437}.Debug|x86.ActiveCfg = Debug|Win32
		{EE196D56-A3F6-4D38-B0E1-B3C2A6D95437}.Debug|x86.Build.0 = Debug|Win32
		{EE196D56-A3F6-4D38-B0E1-B3C2A6D95437}.Release|x64.ActiveCfg = Release|x64
		{EE196D56-A3F6-4D38-B0E1-B3C2A6D95437}.Release|x64.Build.0 = Release|x64
		{EE196D56-A3F6-4D38-B0E1-B3C2A6D95437}.Release|x86.ActiveCfg = Release|Win32
		{EE196D56-A3F6-4D38-B0E1-B3C2A6D95437}.Release|x86.Build.0 = Release|Win32
	EndGlobalSection
	GlobalSection(SolutionProperties) = preSolution
		HideSolutionNode = FALSE
	EndGlobalSection
	GlobalSection(ExtensibilityGlobals) = postSolution
		SolutionGuid = {332830DE-DC3A-4209-B16F-9EB81F11C95D}
	EndGlobalSection
EndGlobal
